
Microsoft Visual Studio Solution File, Format Version 12.00
# Visual Studio Version 17
VisualStudioVersion = 17.11.35312.102
MinimumVisualStudioVersion = 10.0.40219.1
Project("{FAE04EC0-301F-11D3-BF4B-00C04F79EFBC}") = "MathiasVera-TallerAppWebMVC", "MathiasVera-TallerAppWebMVC\MathiasVera-TallerAppWebMVC.csproj", "{C7C9051C-EA15-4BF6-8A89-5B8355FDAB6D}"
EndProject
Global
	GlobalSection(SolutionConfigurationPlatforms) = preSolution
		Debug|Any CPU = Debug|Any CPU
		Release|Any CPU = Release|Any CPU
	EndGlobalSection
	GlobalSection(ProjectConfigurationPlatforms) = postSolution
		{C7C9051C-EA15-4BF6-8A89-5B8355FDAB6D}.Debug|Any CPU.ActiveCfg = Debug|Any CPU
		{C7C9051C-EA15-4BF6-8A89-5B8355FDAB6D}.Debug|Any CPU.Build.0 = Debug|Any CPU
		{C7C9051C-EA15-4BF6-8A89-5B8355FDAB6D}.Release|Any CPU.ActiveCfg = Release|Any CPU
		{C7C9051C-EA15-4BF6-8A89-5B8355FDAB6D}.Release|Any CPU.Build.0 = Release|Any CPU
	EndGlobalSection
	GlobalSection(SolutionProperties) = preSolution
		HideSolutionNode = FALSE
	EndGlobalSection
	GlobalSection(ExtensibilityGlobals) = postSolution
		SolutionGuid = {A6A49C97-7097-4ADD-8218-29947E019DB8}
	EndGlobalSection
EndGlobal
